// !$*UTF8*$!
{
	archiveVersion = 1;
	classes = {
	};
	objectVersion = 46;
	objects = {

/* Begin PBXBuildFile section */
		B2BA4EEB13983BE600D5FA9B /* UIKit.framework in Frameworks */ = {isa = PBXBuildFile; fileRef = B2BA4EEA13983BE600D5FA9B /* UIKit.framework */; };
		B2BA4EED13983BE600D5FA9B /* Foundation.framework in Frameworks */ = {isa = PBXBuildFile; fileRef = B2BA4EEC13983BE600D5FA9B /* Foundation.framework */; };
		B2BA4EEF13983BE600D5FA9B /* CoreGraphics.framework in Frameworks */ = {isa = PBXBuildFile; fileRef = B2BA4EEE13983BE600D5FA9B /* CoreGraphics.framework */; };
		B2BA4EF513983BE600D5FA9B /* InfoPlist.strings in Resources */ = {isa = PBXBuildFile; fileRef = B2BA4EF313983BE600D5FA9B /* InfoPlist.strings */; };
		B2BA4EF813983BE600D5FA9B /* main.m in Sources */ = {isa = PBXBuildFile; fileRef = B2BA4EF713983BE600D5FA9B /* main.m */; };
		B2BA4EFB13983BE600D5FA9B /* MSBitlyDemoAppDelegate.m in Sources */ = {isa = PBXBuildFile; fileRef = B2BA4EFA13983BE600D5FA9B /* MSBitlyDemoAppDelegate.m */; };
		B2BA4EFE13983BE600D5FA9B /* MainWindow.xib in Resources */ = {isa = PBXBuildFile; fileRef = B2BA4EFC13983BE600D5FA9B /* MainWindow.xib */; };
		B2BA4F0113983BE600D5FA9B /* MSBitlyDemoViewController.m in Sources */ = {isa = PBXBuildFile; fileRef = B2BA4F0013983BE600D5FA9B /* MSBitlyDemoViewController.m */; };
		B2BA4F0413983BE600D5FA9B /* MSBitlyDemoViewController.xib in Resources */ = {isa = PBXBuildFile; fileRef = B2BA4F0213983BE600D5FA9B /* MSBitlyDemoViewController.xib */; };
		B2BA4F29139842D900D5FA9B /* JSONKit.m in Sources */ = {isa = PBXBuildFile; fileRef = B2BA4F26139842D900D5FA9B /* JSONKit.m */; };
		B2BA4F2A139842D900D5FA9B /* MSBitly.m in Sources */ = {isa = PBXBuildFile; fileRef = B2BA4F28139842D900D5FA9B /* MSBitly.m */; };
/* End PBXBuildFile section */

/* Begin PBXFileReference section */
		B2BA4EE613983BE600D5FA9B /* MSBitlyDemo.app */ = {isa = PBXFileReference; explicitFileType = wrapper.application; includeInIndex = 0; path = MSBitlyDemo.app; sourceTree = BUILT_PRODUCTS_DIR; };
		B2BA4EEA13983BE600D5FA9B /* UIKit.framework */ = {isa = PBXFileReference; lastKnownFileType = wrapper.framework; name = UIKit.framework; path = System/Library/Frameworks/UIKit.framework; sourceTree = SDKROOT; };
		B2BA4EEC13983BE600D5FA9B /* Foundation.framework */ = {isa = PBXFileReference; lastKnownFileType = wrapper.framework; name = Foundation.framework; path = System/Library/Frameworks/Foundation.framework; sourceTree = SDKROOT; };
		B2BA4EEE13983BE600D5FA9B /* CoreGraphics.framework */ = {isa = PBXFileReference; lastKnownFileType = wrapper.framework; name = CoreGraphics.framework; path = System/Library/Frameworks/CoreGraphics.framework; sourceTree = SDKROOT; };
		B2BA4EF213983BE600D5FA9B /* MSBitlyDemo-Info.plist */ = {isa = PBXFileReference; lastKnownFileType = text.plist.xml; path = "MSBitlyDemo-Info.plist"; sourceTree = "<group>"; };
		B2BA4EF413983BE600D5FA9B /* en */ = {isa = PBXFileReference; lastKnownFileType = text.plist.strings; name = en; path = en.lproj/InfoPlist.strings; sourceTree = "<group>"; };
		B2BA4EF613983BE600D5FA9B /* MSBitlyDemo-Prefix.pch */ = {isa = PBXFileReference; lastKnownFileType = sourcecode.c.h; path = "MSBitlyDemo-Prefix.pch"; sourceTree = "<group>"; };
		B2BA4EF713983BE600D5FA9B /* main.m */ = {isa = PBXFileReference; lastKnownFileType = sourcecode.c.objc; path = main.m; sourceTree = "<group>"; };
		B2BA4EF913983BE600D5FA9B /* MSBitlyDemoAppDelegate.h */ = {isa = PBXFileReference; lastKnownFileType = sourcecode.c.h; path = MSBitlyDemoAppDelegate.h; sourceTree = "<group>"; };
		B2BA4EFA13983BE600D5FA9B /* MSBitlyDemoAppDelegate.m */ = {isa = PBXFileReference; lastKnownFileType = sourcecode.c.objc; path = MSBitlyDemoAppDelegate.m; sourceTree = "<group>"; };
		B2BA4EFD13983BE600D5FA9B /* en */ = {isa = PBXFileReference; lastKnownFileType = file.xib; name = en; path = en.lproj/MainWindow.xib; sourceTree = "<group>"; };
		B2BA4EFF13983BE600D5FA9B /* MSBitlyDemoViewController.h */ = {isa = PBXFileReference; lastKnownFileType = sourcecode.c.h; path = MSBitlyDemoViewController.h; sourceTree = "<group>"; };
		B2BA4F0013983BE600D5FA9B /* MSBitlyDemoViewController.m */ = {isa = PBXFileReference; lastKnownFileType = sourcecode.c.objc; path = MSBitlyDemoViewController.m; sourceTree = "<group>"; };
		B2BA4F0313983BE600D5FA9B /* en */ = {isa = PBXFileReference; lastKnownFileType = file.xib; name = en; path = en.lproj/MSBitlyDemoViewController.xib; sourceTree = "<group>"; };
		B2BA4F25139842D900D5FA9B /* JSONKit.h */ = {isa = PBXFileReference; fileEncoding = 4; lastKnownFileType = sourcecode.c.h; path = JSONKit.h; sourceTree = "<group>"; };
		B2BA4F26139842D900D5FA9B /* JSONKit.m */ = {isa = PBXFileReference; fileEncoding = 4; lastKnownFileType = sourcecode.c.objc; path = JSONKit.m; sourceTree = "<group>"; };
		B2BA4F27139842D900D5FA9B /* MSBitly.h */ = {isa = PBXFileReference; fileEncoding = 4; lastKnownFileType = sourcecode.c.h; path = MSBitly.h; sourceTree = "<group>"; };
		B2BA4F28139842D900D5FA9B /* MSBitly.m */ = {isa = PBXFileReference; fileEncoding = 4; lastKnownFileType = sourcecode.c.objc; path = MSBitly.m; sourceTree = "<group>"; };
/* End PBXFileReference section */

/* Begin PBXFrameworksBuildPhase section */
		B2BA4EE313983BE600D5FA9B /* Frameworks */ = {
			isa = PBXFrameworksBuildPhase;
			buildActionMask = 2147483647;
			files = (
				B2BA4EEB13983BE600D5FA9B /* UIKit.framework in Frameworks */,
				B2BA4EED13983BE600D5FA9B /* Foundation.framework in Frameworks */,
				B2BA4EEF13983BE600D5FA9B /* CoreGraphics.framework in Frameworks */,
			);
			runOnlyForDeploymentPostprocessing = 0;
		};
/* End PBXFrameworksBuildPhase section */

/* Begin PBXGroup section */
		B2BA4EDB13983BE600D5FA9B = {
			isa = PBXGroup;
			children = (
				B2BA4EF013983BE600D5FA9B /* MSBitlyDemo */,
				B2BA4EE913983BE600D5FA9B /* Frameworks */,
				B2BA4EE713983BE600D5FA9B /* Products */,
			);
			sourceTree = "<group>";
		};
		B2BA4EE713983BE600D5FA9B /* Products */ = {
			isa = PBXGroup;
			children = (
				B2BA4EE613983BE600D5FA9B /* MSBitlyDemo.app */,
			);
			name = Products;
			sourceTree = "<group>";
		};
		B2BA4EE913983BE600D5FA9B /* Frameworks */ = {
			isa = PBXGroup;
			children = (
				B2BA4EEA13983BE600D5FA9B /* UIKit.framework */,
				B2BA4EEC13983BE600D5FA9B /* Foundation.framework */,
				B2BA4EEE13983BE600D5FA9B /* CoreGraphics.framework */,
			);
			name = Frameworks;
			sourceTree = "<group>";
		};
		B2BA4EF013983BE600D5FA9B /* MSBitlyDemo */ = {
			isa = PBXGroup;
			children = (
				B2BA4EF913983BE600D5FA9B /* MSBitlyDemoAppDelegate.h */,
				B2BA4EFA13983BE600D5FA9B /* MSBitlyDemoAppDelegate.m */,
				B2BA4EFC13983BE600D5FA9B /* MainWindow.xib */,
				B2BA4EFF13983BE600D5FA9B /* MSBitlyDemoViewController.h */,
				B2BA4F0013983BE600D5FA9B /* MSBitlyDemoViewController.m */,
				B2BA4F0213983BE600D5FA9B /* MSBitlyDemoViewController.xib */,
				B2BA4F23139842D900D5FA9B /* MSBitly */,
				B2BA4EF113983BE600D5FA9B /* Supporting Files */,
			);
			path = MSBitlyDemo;
			sourceTree = "<group>";
		};
		B2BA4EF113983BE600D5FA9B /* Supporting Files */ = {
			isa = PBXGroup;
			children = (
				B2BA4EF213983BE600D5FA9B /* MSBitlyDemo-Info.plist */,
				B2BA4EF313983BE600D5FA9B /* InfoPlist.strings */,
				B2BA4EF613983BE600D5FA9B /* MSBitlyDemo-Prefix.pch */,
				B2BA4EF713983BE600D5FA9B /* main.m */,
			);
			name = "Supporting Files";
			sourceTree = "<group>";
		};
		B2BA4F23139842D900D5FA9B /* MSBitly */ = {
			isa = PBXGroup;
			children = (
				B2BA4F24139842D900D5FA9B /* JSONKit */,
				B2BA4F27139842D900D5FA9B /* MSBitly.h */,
				B2BA4F28139842D900D5FA9B /* MSBitly.m */,
			);
			path = MSBitly;
			sourceTree = "<group>";
		};
		B2BA4F24139842D900D5FA9B /* JSONKit */ = {
			isa = PBXGroup;
			children = (
				B2BA4F25139842D900D5FA9B /* JSONKit.h */,
				B2BA4F26139842D900D5FA9B /* JSONKit.m */,
			);
			path = JSONKit;
			sourceTree = "<group>";
		};
/* End PBXGroup section */

/* Begin PBXNativeTarget section */
		B2BA4EE513983BE600D5FA9B /* MSBitlyDemo */ = {
			isa = PBXNativeTarget;
			buildConfigurationList = B2BA4F0713983BE600D5FA9B /* Build configuration list for PBXNativeTarget "MSBitlyDemo" */;
			buildPhases = (
				B2BA4EE213983BE600D5FA9B /* Sources */,
				B2BA4EE313983BE600D5FA9B /* Frameworks */,
				B2BA4EE413983BE600D5FA9B /* Resources */,
			);
			buildRules = (
			);
			dependencies = (
			);
			name = MSBitlyDemo;
			productName = MSBitlyDemo;
			productReference = B2BA4EE613983BE600D5FA9B /* MSBitlyDemo.app */;
			productType = "com.apple.product-type.application";
		};
/* End PBXNativeTarget section */

/* Begin PBXProject section */
		B2BA4EDD13983BE600D5FA9B /* Project object */ = {
			isa = PBXProject;
			attributes = {
				ORGANIZATIONNAME = "Seth Corp";
			};
			buildConfigurationList = B2BA4EE013983BE600D5FA9B /* Build configuration list for PBXProject "MSBitlyDemo" */;
			compatibilityVersion = "Xcode 3.2";
			developmentRegion = English;
			hasScannedForEncodings = 0;
			knownRegions = (
				en,
			);
			mainGroup = B2BA4EDB13983BE600D5FA9B;
			productRefGroup = B2BA4EE713983BE600D5FA9B /* Products */;
			projectDirPath = "";
			projectRoot = "";
			targets = (
				B2BA4EE513983BE600D5FA9B /* MSBitlyDemo */,
			);
		};
/* End PBXProject section */

/* Begin PBXResourcesBuildPhase section */
		B2BA4EE413983BE600D5FA9B /* Resources */ = {
			isa = PBXResourcesBuildPhase;
			buildActionMask = 2147483647;
			files = (
				B2BA4EF513983BE600D5FA9B /* InfoPlist.strings in Resources */,
				B2BA4EFE13983BE600D5FA9B /* MainWindow.xib in Resources */,
				B2BA4F0413983BE600D5FA9B /* MSBitlyDemoViewController.xib in Resources */,
			);
			runOnlyForDeploymentPostprocessing = 0;
		};
/* End PBXResourcesBuildPhase section */

/* Begin PBXSourcesBuildPhase section */
		B2BA4EE213983BE600D5FA9B /* Sources */ = {
			isa = PBXSourcesBuildPhase;
			buildActionMask = 2147483647;
			files = (
				B2BA4EF813983BE600D5FA9B /* main.m in Sources */,
				B2BA4EFB13983BE600D5FA9B /* MSBitlyDemoAppDelegate.m in Sources */,
				B2BA4F0113983BE600D5FA9B /* MSBitlyDemoViewController.m in Sources */,
				B2BA4F29139842D900D5FA9B /* JSONKit.m in Sources */,
				B2BA4F2A139842D900D5FA9B /* MSBitly.m in Sources */,
			);
			runOnlyForDeploymentPostprocessing = 0;
		};
/* End PBXSourcesBuildPhase section */

/* Begin PBXVariantGroup section */
		B2BA4EF313983BE600D5FA9B /* InfoPlist.strings */ = {
			isa = PBXVariantGroup;
			children = (
				B2BA4EF413983BE600D5FA9B /* en */,
			);
			name = InfoPlist.strings;
			sourceTree = "<group>";
		};
		B2BA4EFC13983BE600D5FA9B /* MainWindow.xib */ = {
			isa = PBXVariantGroup;
			children = (
				B2BA4EFD13983BE600D5FA9B /* en */,
			);
			name = MainWindow.xib;
			sourceTree = "<group>";
		};
		B2BA4F0213983BE600D5FA9B /* MSBitlyDemoViewController.xib */ = {
			isa = PBXVariantGroup;
			children = (
				B2BA4F0313983BE600D5FA9B /* en */,
			);
			name = MSBitlyDemoViewController.xib;
			sourceTree = "<group>";
		};
/* End PBXVariantGroup section */

/* Begin XCBuildConfiguration section */
		B2BA4F0513983BE600D5FA9B /* Debug */ = {
			isa = XCBuildConfiguration;
			buildSettings = {
				ARCHS = "$(ARCHS_STANDARD_32_BIT)";
				"CODE_SIGN_IDENTITY[sdk=iphoneos*]" = "iPhone Developer";
				GCC_C_LANGUAGE_STANDARD = gnu99;
				GCC_OPTIMIZATION_LEVEL = 0;
				GCC_PREPROCESSOR_DEFINITIONS = DEBUG;
				GCC_SYMBOLS_PRIVATE_EXTERN = NO;
				GCC_VERSION = com.apple.compilers.llvmgcc42;
				GCC_WARN_ABOUT_RETURN_TYPE = YES;
				GCC_WARN_UNUSED_VARIABLE = YES;
				IPHONEOS_DEPLOYMENT_TARGET = 4.3;
				SDKROOT = iphoneos;
			};
			name = Debug;
		};
		B2BA4F0613983BE600D5FA9B /* Release */ = {
			isa = XCBuildConfiguration;
			buildSettings = {
				ARCHS = "$(ARCHS_STANDARD_32_BIT)";
				"CODE_SIGN_IDENTITY[sdk=iphoneos*]" = "iPhone Developer";
				GCC_C_LANGUAGE_STANDARD = gnu99;
				GCC_VERSION = com.apple.compilers.llvmgcc42;
				GCC_WARN_ABOUT_RETURN_TYPE = YES;
				GCC_WARN_UNUSED_VARIABLE = YES;
				IPHONEOS_DEPLOYMENT_TARGET = 4.3;
				OTHER_CFLAGS = "-DNS_BLOCK_ASSERTIONS=1";
				SDKROOT = iphoneos;
			};
			name = Release;
		};
		B2BA4F0813983BE600D5FA9B /* Debug */ = {
			isa = XCBuildConfiguration;
			buildSettings = {
				ALWAYS_SEARCH_USER_PATHS = NO;
				COPY_PHASE_STRIP = NO;
				GCC_DYNAMIC_NO_PIC = NO;
				GCC_PRECOMPILE_PREFIX_HEADER = YES;
				GCC_PREFIX_HEADER = "MSBitlyDemo/MSBitlyDemo-Prefix.pch";
				INFOPLIST_FILE = "MSBitlyDemo/MSBitlyDemo-Info.plist";
				PRODUCT_NAME = "$(TARGET_NAME)";
				WRAPPER_EXTENSION = app;
			};
			name = Debug;
		};
		B2BA4F0913983BE600D5FA9B /* Release */ = {
			isa = XCBuildConfiguration;
			buildSettings = {
				ALWAYS_SEARCH_USER_PATHS = NO;
				COPY_PHASE_STRIP = YES;
				GCC_PRECOMPILE_PREFIX_HEADER = YES;
				GCC_PREFIX_HEADER = "MSBitlyDemo/MSBitlyDemo-Prefix.pch";
				INFOPLIST_FILE = "MSBitlyDemo/MSBitlyDemo-Info.plist";
				PRODUCT_NAME = "$(TARGET_NAME)";
				VALIDATE_PRODUCT = YES;
				WRAPPER_EXTENSION = app;
			};
			name = Release;
		};
/* End XCBuildConfiguration section */

/* Begin XCConfigurationList section */
		B2BA4EE013983BE600D5FA9B /* Build configuration list for PBXProject "MSBitlyDemo" */ = {
			isa = XCConfigurationList;
			buildConfigurations = (
				B2BA4F0513983BE600D5FA9B /* Debug */,
				B2BA4F0613983BE600D5FA9B /* Release */,
			);
			defaultConfigurationIsVisible = 0;
			defaultConfigurationName = Release;
		};
		B2BA4F0713983BE600D5FA9B /* Build configuration list for PBXNativeTarget "MSBitlyDemo" */ = {
			isa = XCConfigurationList;
			buildConfigurations = (
				B2BA4F0813983BE600D5FA9B /* Debug */,
				B2BA4F0913983BE600D5FA9B /* Release */,
			);
			defaultConfigurationIsVisible = 0;
			defaultConfigurationName = Release;
		};
/* End XCConfigurationList section */
	};
	rootObject = B2BA4EDD13983BE600D5FA9B /* Project object */;
}
